{
  "nodes": {
    "flake-utils": {
      "locked": {
        "lastModified": 1609935452,
        "narHash": "sha256-McwA/tAnnS8LaAdEoONBsdKFHuOpHMxKqpMCU1wL7H4=",
        "owner": "numtide",
        "repo": "flake-utils",
        "rev": "8088c6dbe86a7e6e6396c83e43020e8a1edb08d5",
        "type": "github"
      },
      "original": {
        "owner": "numtide",
        "repo": "flake-utils",
        "type": "github"
      }
    },
    "nixpkgs": {
      "locked": {
        "lastModified": 1609779634,
        "narHash": "sha256-LYNAH7Pv9IyoIs7di0rg6vnSC+VxhXhX94LXq04hsOE=",
        "owner": "NixOS",
        "repo": "nixpkgs",
        "rev": "1a57d96edd156958b12782e8c8b6a374142a7248",
        "type": "github"
      },
      "original": {
        "owner": "NixOS",
        "ref": "nixos-unstable",
        "repo": "nixpkgs",
        "type": "github"
      }
    },
    "root": {
      "inputs": {
        "flake-utils": "flake-utils",
        "nixpkgs": "nixpkgs"
      }
    }
  },
  "root": "root",
  "version": 7
}
